
Microsoft Visual Studio Solution File, Format Version 12.00
# Visual Studio Version 17
VisualStudioVersion = 17.3.32922.545
MinimumVisualStudioVersion = 10.0.40219.1
Project("{9A19103F-16F7-4668-BE54-9A1E7A4F7556}") = "avia", "avia.csproj", "{0C371A2B-79FD-4D45-916F-57F9B333A3F1}"
EndProject
Project("{9A19103F-16F7-4668-BE54-9A1E7A4F7556}") = "DataLayer", "..\DataLayer\DataLayer.csproj", "{9524A705-03B2-4EB2-AA07-17D82795755A}"
EndProject
Global
	GlobalSection(SolutionConfigurationPlatforms) = preSolution
		Debug|Any CPU = Debug|Any CPU
		Release|Any CPU = Release|Any CPU
	EndGlobalSection
	GlobalSection(ProjectConfigurationPlatforms) = postSolution
		{0C371A2B-79FD-4D45-916F-57F9B333A3F1}.Debug|Any CPU.ActiveCfg = Debug|Any CPU
		{0C371A2B-79FD-4D45-916F-57F9B333A3F1}.Debug|Any CPU.Build.0 = Debug|Any CPU
		{0C371A2B-79FD-4D45-916F-57F9B333A3F1}.Release|Any CPU.ActiveCfg = Release|Any CPU
		{0C371A2B-79FD-4D45-916F-57F9B333A3F1}.Release|Any CPU.Build.0 = Release|Any CPU
		{9524A705-03B2-4EB2-AA07-17D82795755A}.Debug|Any CPU.ActiveCfg = Debug|Any CPU
		{9524A705-03B2-4EB2-AA07-17D82795755A}.Debug|Any CPU.Build.0 = Debug|Any CPU
		{9524A705-03B2-4EB2-AA07-17D82795755A}.Release|Any CPU.ActiveCfg = Release|Any CPU
		{9524A705-03B2-4EB2-AA07-17D82795755A}.Release|Any CPU.Build.0 = Release|Any CPU
	EndGlobalSection
	GlobalSection(SolutionProperties) = preSolution
		HideSolutionNode = FALSE
	EndGlobalSection
	GlobalSection(ExtensibilityGlobals) = postSolution
		SolutionGuid = {0C2BD7A1-E997-4F21-8A8C-FBBE08F0905C}
	EndGlobalSection
EndGlobal
